
Microsoft Visual Studio Solution File, Format Version 12.00
# Visual Studio Version 16
VisualStudioVersion = 16.0.29306.81
MinimumVisualStudioVersion = 10.0.40219.1
Project("{FAE04EC0-301F-11D3-BF4B-00C04F79EFBC}") = "Reecon", "Reecon.csproj", "{B21517AB-9864-4A09-9942-D8DE432BD637}"
EndProject
Global
	GlobalSection(SolutionConfigurationPlatforms) = preSolution
		Debug|Any CPU = Debug|Any CPU
		Release|Any CPU = Release|Any CPU
	EndGlobalSection
	GlobalSection(ProjectConfigurationPlatforms) = postSolution
		{B21517AB-9864-4A09-9942-D8DE432BD637}.Debug|Any CPU.ActiveCfg = Debug|Any CPU
		{B21517AB-9864-4A09-9942-D8DE432BD637}.Debug|Any CPU.Build.0 = Debug|Any CPU
		{B21517AB-9864-4A09-9942-D8DE432BD637}.Release|Any CPU.ActiveCfg = Release|Any CPU
		{B21517AB-9864-4A09-9942-D8DE432BD637}.Release|Any CPU.Build.0 = Release|Any CPU
	EndGlobalSection
	GlobalSection(SolutionProperties) = preSolution
		HideSolutionNode = FALSE
	EndGlobalSection
	GlobalSection(ExtensibilityGlobals) = postSolution
		SolutionGuid = {76F64706-2A79-4717-AAA8-BD090E9DE7B8}
	EndGlobalSection
EndGlobal
